
Microsoft Visual Studio Solution File, Format Version 12.00
# Visual Studio Version 16
VisualStudioVersion = 16.0.29519.181
MinimumVisualStudioVersion = 10.0.40219.1
Project("{FAE04EC0-301F-11D3-BF4B-00C04F79EFBC}") = "KitchenTimerAndroid", "KitchenTimerAndroid\KitchenTimerAndroid.csproj", "{C4BA73DA-E0A5-4B85-8065-E7E2F8F33BF0}"
EndProject
Global
	GlobalSection(SolutionConfigurationPlatforms) = preSolution
		Debug|Any CPU = Debug|Any CPU
		Release|Any CPU = Release|Any CPU
	EndGlobalSection
	GlobalSection(ProjectConfigurationPlatforms) = postSolution
		{C4BA73DA-E0A5-4B85-8065-E7E2F8F33BF0}.Debug|Any CPU.ActiveCfg = Debug|Any CPU
		{C4BA73DA-E0A5-4B85-8065-E7E2F8F33BF0}.Debug|Any CPU.Build.0 = Debug|Any CPU
		{C4BA73DA-E0A5-4B85-8065-E7E2F8F33BF0}.Debug|Any CPU.Deploy.0 = Debug|Any CPU
		{C4BA73DA-E0A5-4B85-8065-E7E2F8F33BF0}.Release|Any CPU.ActiveCfg = Release|Any CPU
		{C4BA73DA-E0A5-4B85-8065-E7E2F8F33BF0}.Release|Any CPU.Build.0 = Release|Any CPU
		{C4BA73DA-E0A5-4B85-8065-E7E2F8F33BF0}.Release|Any CPU.Deploy.0 = Release|Any CPU
	EndGlobalSection
	GlobalSection(SolutionProperties) = preSolution
		HideSolutionNode = FALSE
	EndGlobalSection
	GlobalSection(ExtensibilityGlobals) = postSolution
		SolutionGuid = {FEC8E138-0FA0-4DCD-A0C0-216A4CF47A9D}
	EndGlobalSection
EndGlobal
